
Microsoft Visual Studio Solution File, Format Version 12.00
# Visual Studio Version 17
VisualStudioVersion = 17.7.34202.233
MinimumVisualStudioVersion = 10.0.40219.1
Project("{FAE04EC0-301F-11D3-BF4B-00C04F79EFBC}") = "HotelBookingApplication", "HotelBookingApplication\HotelBookingApplication.csproj", "{17EB77E1-77CD-4454-8E21-1ECED91760F7}"
EndProject
Global
	GlobalSection(SolutionConfigurationPlatforms) = preSolution
		Debug|Any CPU = Debug|Any CPU
		Release|Any CPU = Release|Any CPU
	EndGlobalSection
	GlobalSection(ProjectConfigurationPlatforms) = postSolution
		{17EB77E1-77CD-4454-8E21-1ECED91760F7}.Debug|Any CPU.ActiveCfg = Debug|Any CPU
		{17EB77E1-77CD-4454-8E21-1ECED91760F7}.Debug|Any CPU.Build.0 = Debug|Any CPU
		{17EB77E1-77CD-4454-8E21-1ECED91760F7}.Release|Any CPU.ActiveCfg = Release|Any CPU
		{17EB77E1-77CD-4454-8E21-1ECED91760F7}.Release|Any CPU.Build.0 = Release|Any CPU
	EndGlobalSection
	GlobalSection(SolutionProperties) = preSolution
		HideSolutionNode = FALSE
	EndGlobalSection
	GlobalSection(ExtensibilityGlobals) = postSolution
		SolutionGuid = {81A0CFF3-FECF-4475-AB00-0A9CB7D0598D}
	EndGlobalSection
EndGlobal
