
Microsoft Visual Studio Solution File, Format Version 12.00
# Visual Studio Version 17
VisualStudioVersion = 17.7.34202.233
MinimumVisualStudioVersion = 10.0.40219.1
Project("{FAE04EC0-301F-11D3-BF4B-00C04F79EFBC}") = "ClinicApplication", "ClinicApplication\ClinicApplication.csproj", "{556B7F70-7063-4AED-9169-0F3F750437A3}"
EndProject
Project("{FAE04EC0-301F-11D3-BF4B-00C04F79EFBC}") = "DoctorModelLibrary", "DoctorModelLibrary\DoctorModelLibrary.csproj", "{82B77C50-C157-476A-8566-43561F1A5373}"
EndProject
Project("{FAE04EC0-301F-11D3-BF4B-00C04F79EFBC}") = "DoctorDALLibrary", "DoctorDALLibrary\DoctorDALLibrary.csproj", "{9349950D-1C6F-4AE0-BC5D-A94631929CF2}"
EndProject
Project("{FAE04EC0-301F-11D3-BF4B-00C04F79EFBC}") = "DoctorBLLibrary", "DoctorBLLibrary\DoctorBLLibrary.csproj", "{46E828D1-F565-4C92-8983-F6386E8DCACB}"
EndProject
Global
	GlobalSection(SolutionConfigurationPlatforms) = preSolution
		Debug|Any CPU = Debug|Any CPU
		Release|Any CPU = Release|Any CPU
	EndGlobalSection
	GlobalSection(ProjectConfigurationPlatforms) = postSolution
		{556B7F70-7063-4AED-9169-0F3F750437A3}.Debug|Any CPU.ActiveCfg = Debug|Any CPU
		{556B7F70-7063-4AED-9169-0F3F750437A3}.Debug|Any CPU.Build.0 = Debug|Any CPU
		{556B7F70-7063-4AED-9169-0F3F750437A3}.Release|Any CPU.ActiveCfg = Release|Any CPU
		{556B7F70-7063-4AED-9169-0F3F750437A3}.Release|Any CPU.Build.0 = Release|Any CPU
		{82B77C50-C157-476A-8566-43561F1A5373}.Debug|Any CPU.ActiveCfg = Debug|Any CPU
		{82B77C50-C157-476A-8566-43561F1A5373}.Debug|Any CPU.Build.0 = Debug|Any CPU
		{82B77C50-C157-476A-8566-43561F1A5373}.Release|Any CPU.ActiveCfg = Release|Any CPU
		{82B77C50-C157-476A-8566-43561F1A5373}.Release|Any CPU.Build.0 = Release|Any CPU
		{9349950D-1C6F-4AE0-BC5D-A94631929CF2}.Debug|Any CPU.ActiveCfg = Debug|Any CPU
		{9349950D-1C6F-4AE0-BC5D-A94631929CF2}.Debug|Any CPU.Build.0 = Debug|Any CPU
		{9349950D-1C6F-4AE0-BC5D-A94631929CF2}.Release|Any CPU.ActiveCfg = Release|Any CPU
		{9349950D-1C6F-4AE0-BC5D-A94631929CF2}.Release|Any CPU.Build.0 = Release|Any CPU
		{46E828D1-F565-4C92-8983-F6386E8DCACB}.Debug|Any CPU.ActiveCfg = Debug|Any CPU
		{46E828D1-F565-4C92-8983-F6386E8DCACB}.Debug|Any CPU.Build.0 = Debug|Any CPU
		{46E828D1-F565-4C92-8983-F6386E8DCACB}.Release|Any CPU.ActiveCfg = Release|Any CPU
		{46E828D1-F565-4C92-8983-F6386E8DCACB}.Release|Any CPU.Build.0 = Release|Any CPU
	EndGlobalSection
	GlobalSection(SolutionProperties) = preSolution
		HideSolutionNode = FALSE
	EndGlobalSection
	GlobalSection(ExtensibilityGlobals) = postSolution
		SolutionGuid = {367BFE94-2493-4947-ADAD-FE8E93B3E2B6}
	EndGlobalSection
EndGlobal
